
Microsoft Visual Studio Solution File, Format Version 12.00
# Visual Studio Version 16
VisualStudioVersion = 16.0.30621.155
MinimumVisualStudioVersion = 10.0.40219.1
Project("{9A19103F-16F7-4668-BE54-9A1E7A4F7556}") = "Selenium_Flights", "Selenium_Flights\Selenium_Flights.csproj", "{184BD415-4313-4EDC-B8CC-AAB143EF253D}"
EndProject
Project("{9A19103F-16F7-4668-BE54-9A1E7A4F7556}") = "ExRxDotNet", "ExRxDotNet\ExRxDotNet.csproj", "{F6B8E381-C771-4C7A-8990-2F12D7EE0D17}"
EndProject
Project("{9A19103F-16F7-4668-BE54-9A1E7A4F7556}") = "ClassLibrary", "ClassLibrary\ClassLibrary.csproj", "{541AC4D8-CE42-48D6-B1E9-B247048E654E}"
EndProject
Project("{FAE04EC0-301F-11D3-BF4B-00C04F79EFBC}") = "Music", "Music\Music.csproj", "{05DDE7E2-6E99-41D1-8E8C-4A547D4EEF4D}"
EndProject
Global
	GlobalSection(SolutionConfigurationPlatforms) = preSolution
		Debug|Any CPU = Debug|Any CPU
		Release|Any CPU = Release|Any CPU
	EndGlobalSection
	GlobalSection(ProjectConfigurationPlatforms) = postSolution
		{184BD415-4313-4EDC-B8CC-AAB143EF253D}.Debug|Any CPU.ActiveCfg = Debug|Any CPU
		{184BD415-4313-4EDC-B8CC-AAB143EF253D}.Debug|Any CPU.Build.0 = Debug|Any CPU
		{184BD415-4313-4EDC-B8CC-AAB143EF253D}.Release|Any CPU.ActiveCfg = Release|Any CPU
		{184BD415-4313-4EDC-B8CC-AAB143EF253D}.Release|Any CPU.Build.0 = Release|Any CPU
		{F6B8E381-C771-4C7A-8990-2F12D7EE0D17}.Debug|Any CPU.ActiveCfg = Debug|Any CPU
		{F6B8E381-C771-4C7A-8990-2F12D7EE0D17}.Debug|Any CPU.Build.0 = Debug|Any CPU
		{F6B8E381-C771-4C7A-8990-2F12D7EE0D17}.Release|Any CPU.ActiveCfg = Release|Any CPU
		{F6B8E381-C771-4C7A-8990-2F12D7EE0D17}.Release|Any CPU.Build.0 = Release|Any CPU
		{541AC4D8-CE42-48D6-B1E9-B247048E654E}.Debug|Any CPU.ActiveCfg = Debug|Any CPU
		{541AC4D8-CE42-48D6-B1E9-B247048E654E}.Debug|Any CPU.Build.0 = Debug|Any CPU
		{541AC4D8-CE42-48D6-B1E9-B247048E654E}.Release|Any CPU.ActiveCfg = Release|Any CPU
		{541AC4D8-CE42-48D6-B1E9-B247048E654E}.Release|Any CPU.Build.0 = Release|Any CPU
		{05DDE7E2-6E99-41D1-8E8C-4A547D4EEF4D}.Debug|Any CPU.ActiveCfg = Debug|Any CPU
		{05DDE7E2-6E99-41D1-8E8C-4A547D4EEF4D}.Debug|Any CPU.Build.0 = Debug|Any CPU
		{05DDE7E2-6E99-41D1-8E8C-4A547D4EEF4D}.Release|Any CPU.ActiveCfg = Release|Any CPU
		{05DDE7E2-6E99-41D1-8E8C-4A547D4EEF4D}.Release|Any CPU.Build.0 = Release|Any CPU
	EndGlobalSection
	GlobalSection(SolutionProperties) = preSolution
		HideSolutionNode = FALSE
	EndGlobalSection
	GlobalSection(ExtensibilityGlobals) = postSolution
		SolutionGuid = {37DD56E3-2225-44E3-8276-D69D2E1AD72E}
	EndGlobalSection
EndGlobal
